
Microsoft Visual Studio Solution File, Format Version 12.00
# Visual Studio Version 16
VisualStudioVersion = 16.0.30907.101
MinimumVisualStudioVersion = 10.0.40219.1
Project("{9A19103F-16F7-4668-BE54-9A1E7A4F7556}") = "Diary.Web", "Diary.Web\Diary.Web.csproj", "{09FC6DDA-7211-4EBE-8BC1-CAA24097C5E2}"
EndProject
Project("{9A19103F-16F7-4668-BE54-9A1E7A4F7556}") = "Diary.API", "Diary.API\Diary.API.csproj", "{D728E35C-E642-4917-9813-C3514ED1DC6E}"
EndProject
Global
	GlobalSection(SolutionConfigurationPlatforms) = preSolution
		Debug|Any CPU = Debug|Any CPU
		Release|Any CPU = Release|Any CPU
	EndGlobalSection
	GlobalSection(ProjectConfigurationPlatforms) = postSolution
		{09FC6DDA-7211-4EBE-8BC1-CAA24097C5E2}.Debug|Any CPU.ActiveCfg = Debug|Any CPU
		{09FC6DDA-7211-4EBE-8BC1-CAA24097C5E2}.Debug|Any CPU.Build.0 = Debug|Any CPU
		{09FC6DDA-7211-4EBE-8BC1-CAA24097C5E2}.Release|Any CPU.ActiveCfg = Release|Any CPU
		{09FC6DDA-7211-4EBE-8BC1-CAA24097C5E2}.Release|Any CPU.Build.0 = Release|Any CPU
		{D728E35C-E642-4917-9813-C3514ED1DC6E}.Debug|Any CPU.ActiveCfg = Debug|Any CPU
		{D728E35C-E642-4917-9813-C3514ED1DC6E}.Debug|Any CPU.Build.0 = Debug|Any CPU
		{D728E35C-E642-4917-9813-C3514ED1DC6E}.Release|Any CPU.ActiveCfg = Release|Any CPU
		{D728E35C-E642-4917-9813-C3514ED1DC6E}.Release|Any CPU.Build.0 = Release|Any CPU
	EndGlobalSection
	GlobalSection(SolutionProperties) = preSolution
		HideSolutionNode = FALSE
	EndGlobalSection
	GlobalSection(ExtensibilityGlobals) = postSolution
		SolutionGuid = {D85C0AEA-D569-4157-881D-112FF51EC86B}
	EndGlobalSection
EndGlobal
